
Microsoft Visual Studio Solution File, Format Version 12.00
# Visual Studio Version 17
VisualStudioVersion = 17.4.33403.182
MinimumVisualStudioVersion = 10.0.40219.1
Project("{9A19103F-16F7-4668-BE54-9A1E7A4F7556}") = "Ppt.Shared", "Ppt.Shared.csproj", "{3D44F0A8-60D5-474F-83F3-EB821C3422A7}"
EndProject
Global
	GlobalSection(SolutionConfigurationPlatforms) = preSolution
		Debug|Any CPU = Debug|Any CPU
		Release|Any CPU = Release|Any CPU
	EndGlobalSection
	GlobalSection(ProjectConfigurationPlatforms) = postSolution
		{3D44F0A8-60D5-474F-83F3-EB821C3422A7}.Debug|Any CPU.ActiveCfg = Debug|Any CPU
		{3D44F0A8-60D5-474F-83F3-EB821C3422A7}.Debug|Any CPU.Build.0 = Debug|Any CPU
		{3D44F0A8-60D5-474F-83F3-EB821C3422A7}.Release|Any CPU.ActiveCfg = Release|Any CPU
		{3D44F0A8-60D5-474F-83F3-EB821C3422A7}.Release|Any CPU.Build.0 = Release|Any CPU
	EndGlobalSection
	GlobalSection(SolutionProperties) = preSolution
		HideSolutionNode = FALSE
	EndGlobalSection
	GlobalSection(ExtensibilityGlobals) = postSolution
		SolutionGuid = {ADA9BB3D-49FF-4AF9-966E-5A7C0B804B28}
	EndGlobalSection
EndGlobal
